
Microsoft Visual Studio Solution File, Format Version 12.00
# Visual Studio 15
VisualStudioVersion = 15.0.26403.3
MinimumVisualStudioVersion = 10.0.40219.1
Project("{FAE04EC0-301F-11D3-BF4B-00C04F79EFBC}") = "FindFace.Core", "FindFace.Core\FindFace.Core.csproj", "{45601A68-3249-40DA-B827-C9D971208F84}"
EndProject
Project("{FAE04EC0-301F-11D3-BF4B-00C04F79EFBC}") = "FindFace.UWP", "FindFace.UWP\FindFace.UWP.csproj", "{2BB7CBB0-F657-44D0-BB9D-6FDC7CBB2A36}"
	ProjectSection(ProjectDependencies) = postProject
		{45601A68-3249-40DA-B827-C9D971208F84} = {45601A68-3249-40DA-B827-C9D971208F84}
	EndProjectSection
EndProject
Project("{FAE04EC0-301F-11D3-BF4B-00C04F79EFBC}") = "FindFace.IOS", "FindFace.IOS\FindFace.IOS.csproj", "{21F58D9A-AC65-4EB9-9AF7-05FCFCE9C86D}"
EndProject
Project("{FAE04EC0-301F-11D3-BF4B-00C04F79EFBC}") = "FindFace.Droid", "FindFace.Droid\FindFace.Droid.csproj", "{AA48C70D-5217-40F0-9D4E-FFDCEBB10F56}"
EndProject
Global
	GlobalSection(SolutionConfigurationPlatforms) = preSolution
		Ad-Hoc|Any CPU = Ad-Hoc|Any CPU
		Ad-Hoc|ARM = Ad-Hoc|ARM
		Ad-Hoc|iPhone = Ad-Hoc|iPhone
		Ad-Hoc|iPhoneSimulator = Ad-Hoc|iPhoneSimulator
		Ad-Hoc|x64 = Ad-Hoc|x64
		Ad-Hoc|x86 = Ad-Hoc|x86
		AppStore|Any CPU = AppStore|Any CPU
		AppStore|ARM = AppStore|ARM
		AppStore|iPhone = AppStore|iPhone
		AppStore|iPhoneSimulator = AppStore|iPhoneSimulator
		AppStore|x64 = AppStore|x64
		AppStore|x86 = AppStore|x86
		Debug|Any CPU = Debug|Any CPU
		Debug|ARM = Debug|ARM
		Debug|iPhone = Debug|iPhone
		Debug|iPhoneSimulator = Debug|iPhoneSimulator
		Debug|x64 = Debug|x64
		Debug|x86 = Debug|x86
		Release|Any CPU = Release|Any CPU
		Release|ARM = Release|ARM
		Release|iPhone = Release|iPhone
		Release|iPhoneSimulator = Release|iPhoneSimulator
		Release|x64 = Release|x64
		Release|x86 = Release|x86
	EndGlobalSection
	GlobalSection(ProjectConfigurationPlatforms) = postSolution
		{45601A68-3249-40DA-B827-C9D971208F84}.Ad-Hoc|Any CPU.ActiveCfg = Release|Any CPU
		{45601A68-3249-40DA-B827-C9D971208F84}.Ad-Hoc|Any CPU.Build.0 = Release|Any CPU
		{45601A68-3249-40DA-B827-C9D971208F84}.Ad-Hoc|ARM.ActiveCfg = Debug|Any CPU
		{45601A68-3249-40DA-B827-C9D971208F84}.Ad-Hoc|ARM.Build.0 = Debug|Any CPU
		{45601A68-3249-40DA-B827-C9D971208F84}.Ad-Hoc|iPhone.ActiveCfg = Release|Any CPU
		{45601A68-3249-40DA-B827-C9D971208F84}.Ad-Hoc|iPhone.Build.0 = Release|Any CPU
		{45601A68-3249-40DA-B827-C9D971208F84}.Ad-Hoc|iPhoneSimulator.ActiveCfg = Release|Any CPU
		{45601A68-3249-40DA-B827-C9D971208F84}.Ad-Hoc|iPhoneSimulator.Build.0 = Release|Any CPU
		{45601A68-3249-40DA-B827-C9D971208F84}.Ad-Hoc|x64.ActiveCfg = Debug|Any CPU
		{45601A68-3249-40DA-B827-C9D971208F84}.Ad-Hoc|x64.Build.0 = Debug|Any CPU
		{45601A68-3249-40DA-B827-C9D971208F84}.Ad-Hoc|x86.ActiveCfg = Debug|Any CPU
		{45601A68-3249-40DA-B827-C9D971208F84}.Ad-Hoc|x86.Build.0 = Debug|Any CPU
		{45601A68-3249-40DA-B827-C9D971208F84}.AppStore|Any CPU.ActiveCfg = Release|Any CPU
		{45601A68-3249-40DA-B827-C9D971208F84}.AppStore|Any CPU.Build.0 = Release|Any CPU
		{45601A68-3249-40DA-B827-C9D971208F84}.AppStore|ARM.ActiveCfg = Debug|Any CPU
		{45601A68-3249-40DA-B827-C9D971208F84}.AppStore|ARM.Build.0 = Debug|Any CPU
		{45601A68-3249-40DA-B827-C9D971208F84}.AppStore|iPhone.ActiveCfg = Release|Any CPU
		{45601A68-3249-40DA-B827-C9D971208F84}.AppStore|iPhone.Build.0 = Release|Any CPU
		{45601A68-3249-40DA-B827-C9D971208F84}.AppStore|iPhoneSimulator.ActiveCfg = Release|Any CPU
		{45601A68-3249-40DA-B827-C9D971208F84}.AppStore|iPhoneSimulator.Build.0 = Release|Any CPU
		{45601A68-3249-40DA-B827-C9D971208F84}.AppStore|x64.ActiveCfg = Debug|Any CPU
		{45601A68-3249-40DA-B827-C9D971208F84}.AppStore|x64.Build.0 = Debug|Any CPU
		{45601A68-3249-40DA-B827-C9D971208F84}.AppStore|x86.ActiveCfg = Debug|Any CPU
		{45601A68-3249-40DA-B827-C9D971208F84}.AppStore|x86.Build.0 = Debug|Any CPU
		{45601A68-3249-40DA-B827-C9D971208F84}.Debug|Any CPU.ActiveCfg = Debug|Any CPU
		{45601A68-3249-40DA-B827-C9D971208F84}.Debug|Any CPU.Build.0 = Debug|Any CPU
		{45601A68-3249-40DA-B827-C9D971208F84}.Debug|ARM.ActiveCfg = Debug|Any CPU
		{45601A68-3249-40DA-B827-C9D971208F84}.Debug|ARM.Build.0 = Debug|Any CPU
		{45601A68-3249-40DA-B827-C9D971208F84}.Debug|iPhone.ActiveCfg = Debug|Any CPU
		{45601A68-3249-40DA-B827-C9D971208F84}.Debug|iPhone.Build.0 = Debug|Any CPU
		{45601A68-3249-40DA-B827-C9D971208F84}.Debug|iPhoneSimulator.ActiveCfg = Debug|Any CPU
		{45601A68-3249-40DA-B827-C9D971208F84}.Debug|iPhoneSimulator.Build.0 = Debug|Any CPU
		{45601A68-3249-40DA-B827-C9D971208F84}.Debug|x64.ActiveCfg = Debug|Any CPU
		{45601A68-3249-40DA-B827-C9D971208F84}.Debug|x64.Build.0 = Debug|Any CPU
		{45601A68-3249-40DA-B827-C9D971208F84}.Debug|x86.ActiveCfg = Debug|Any CPU
		{45601A68-3249-40DA-B827-C9D971208F84}.Debug|x86.Build.0 = Debug|Any CPU
		{45601A68-3249-40DA-B827-C9D971208F84}.Release|Any CPU.ActiveCfg = Release|Any CPU
		{45601A68-3249-40DA-B827-C9D971208F84}.Release|Any CPU.Build.0 = Release|Any CPU
		{45601A68-3249-40DA-B827-C9D971208F84}.Release|ARM.ActiveCfg = Release|Any CPU
		{45601A68-3249-40DA-B827-C9D971208F84}.Release|ARM.Build.0 = Release|Any CPU
		{45601A68-3249-40DA-B827-C9D971208F84}.Release|iPhone.ActiveCfg = Release|Any CPU
		{45601A68-3249-40DA-B827-C9D971208F84}.Release|iPhone.Build.0 = Release|Any CPU
		{45601A68-3249-40DA-B827-C9D971208F84}.Release|iPhoneSimulator.ActiveCfg = Release|Any CPU
		{45601A68-3249-40DA-B827-C9D971208F84}.Release|iPhoneSimulator.Build.0 = Release|Any CPU
		{45601A68-3249-40DA-B827-C9D971208F84}.Release|x64.ActiveCfg = Release|Any CPU
		{45601A68-3249-40DA-B827-C9D971208F84}.Release|x64.Build.0 = Release|Any CPU
		{45601A68-3249-40DA-B827-C9D971208F84}.Release|x86.ActiveCfg = Release|Any CPU
		{45601A68-3249-40DA-B827-C9D971208F84}.Release|x86.Build.0 = Release|Any CPU
		{2BB7CBB0-F657-44D0-BB9D-6FDC7CBB2A36}.Ad-Hoc|Any CPU.ActiveCfg = Release|x64
		{2BB7CBB0-F657-44D0-BB9D-6FDC7CBB2A36}.Ad-Hoc|Any CPU.Build.0 = Release|x64
		{2BB7CBB0-F657-44D0-BB9D-6FDC7CBB2A36}.Ad-Hoc|Any CPU.Deploy.0 = Release|x64
		{2BB7CBB0-F657-44D0-BB9D-6FDC7CBB2A36}.Ad-Hoc|ARM.ActiveCfg = Release|ARM
		{2BB7CBB0-F657-44D0-BB9D-6FDC7CBB2A36}.Ad-Hoc|ARM.Build.0 = Release|ARM
		{2BB7CBB0-F657-44D0-BB9D-6FDC7CBB2A36}.Ad-Hoc|ARM.Deploy.0 = Release|ARM
		{2BB7CBB0-F657-44D0-BB9D-6FDC7CBB2A36}.Ad-Hoc|iPhone.ActiveCfg = Release|x64
		{2BB7CBB0-F657-44D0-BB9D-6FDC7CBB2A36}.Ad-Hoc|iPhone.Build.0 = Release|x64
		{2BB7CBB0-F657-44D0-BB9D-6FDC7CBB2A36}.Ad-Hoc|iPhone.Deploy.0 = Release|x64
		{2BB7CBB0-F657-44D0-BB9D-6FDC7CBB2A36}.Ad-Hoc|iPhoneSimulator.ActiveCfg = Release|x64
		{2BB7CBB0-F657-44D0-BB9D-6FDC7CBB2A36}.Ad-Hoc|iPhoneSimulator.Build.0 = Release|x64
		{2BB7CBB0-F657-44D0-BB9D-6FDC7CBB2A36}.Ad-Hoc|iPhoneSimulator.Deploy.0 = Release|x64
		{2BB7CBB0-F657-44D0-BB9D-6FDC7CBB2A36}.Ad-Hoc|x64.ActiveCfg = Release|x64
		{2BB7CBB0-F657-44D0-BB9D-6FDC7CBB2A36}.Ad-Hoc|x64.Build.0 = Release|x64
		{2BB7CBB0-F657-44D0-BB9D-6FDC7CBB2A36}.Ad-Hoc|x64.Deploy.0 = Release|x64
		{2BB7CBB0-F657-44D0-BB9D-6FDC7CBB2A36}.Ad-Hoc|x86.ActiveCfg = Release|x86
		{2BB7CBB0-F657-44D0-BB9D-6FDC7CBB2A36}.Ad-Hoc|x86.Build.0 = Release|x86
		{2BB7CBB0-F657-44D0-BB9D-6FDC7CBB2A36}.Ad-Hoc|x86.Deploy.0 = Release|x86
		{2BB7CBB0-F657-44D0-BB9D-6FDC7CBB2A36}.AppStore|Any CPU.ActiveCfg = Release|x64
		{2BB7CBB0-F657-44D0-BB9D-6FDC7CBB2A36}.AppStore|Any CPU.Build.0 = Release|x64
		{2BB7CBB0-F657-44D0-BB9D-6FDC7CBB2A36}.AppStore|Any CPU.Deploy.0 = Release|x64
		{2BB7CBB0-F657-44D0-BB9D-6FDC7CBB2A36}.AppStore|ARM.ActiveCfg = Release|ARM
		{2BB7CBB0-F657-44D0-BB9D-6FDC7CBB2A36}.AppStore|ARM.Build.0 = Release|ARM
		{2BB7CBB0-F657-44D0-BB9D-6FDC7CBB2A36}.AppStore|ARM.Deploy.0 = Release|ARM
		{2BB7CBB0-F657-44D0-BB9D-6FDC7CBB2A36}.AppStore|iPhone.ActiveCfg = Release|x64
		{2BB7CBB0-F657-44D0-BB9D-6FDC7CBB2A36}.AppStore|iPhone.Build.0 = Release|x64
		{2BB7CBB0-F657-44D0-BB9D-6FDC7CBB2A36}.AppStore|iPhone.Deploy.0 = Release|x64
		{2BB7CBB0-F657-44D0-BB9D-6FDC7CBB2A36}.AppStore|iPhoneSimulator.ActiveCfg = Release|x64
		{2BB7CBB0-F657-44D0-BB9D-6FDC7CBB2A36}.AppStore|iPhoneSimulator.Build.0 = Release|x64
		{2BB7CBB0-F657-44D0-BB9D-6FDC7CBB2A36}.AppStore|iPhoneSimulator.Deploy.0 = Release|x64
		{2BB7CBB0-F657-44D0-BB9D-6FDC7CBB2A36}.AppStore|x64.ActiveCfg = Release|x64
		{2BB7CBB0-F657-44D0-BB9D-6FDC7CBB2A36}.AppStore|x64.Build.0 = Release|x64
		{2BB7CBB0-F657-44D0-BB9D-6FDC7CBB2A36}.AppStore|x64.Deploy.0 = Release|x64
		{2BB7CBB0-F657-44D0-BB9D-6FDC7CBB2A36}.AppStore|x86.ActiveCfg = Release|x86
		{2BB7CBB0-F657-44D0-BB9D-6FDC7CBB2A36}.AppStore|x86.Build.0 = Release|x86
		{2BB7CBB0-F657-44D0-BB9D-6FDC7CBB2A36}.AppStore|x86.Deploy.0 = Release|x86
		{2BB7CBB0-F657-44D0-BB9D-6FDC7CBB2A36}.Debug|Any CPU.ActiveCfg = Debug|x86
		{2BB7CBB0-F657-44D0-BB9D-6FDC7CBB2A36}.Debug|ARM.ActiveCfg = Debug|ARM
		{2BB7CBB0-F657-44D0-BB9D-6FDC7CBB2A36}.Debug|ARM.Build.0 = Debug|ARM
		{2BB7CBB0-F657-44D0-BB9D-6FDC7CBB2A36}.Debug|ARM.Deploy.0 = Debug|ARM
		{2BB7CBB0-F657-44D0-BB9D-6FDC7CBB2A36}.Debug|iPhone.ActiveCfg = Debug|x86
		{2BB7CBB0-F657-44D0-BB9D-6FDC7CBB2A36}.Debug|iPhoneSimulator.ActiveCfg = Debug|x86
		{2BB7CBB0-F657-44D0-BB9D-6FDC7CBB2A36}.Debug|x64.ActiveCfg = Debug|x64
		{2BB7CBB0-F657-44D0-BB9D-6FDC7CBB2A36}.Debug|x64.Build.0 = Debug|x64
		{2BB7CBB0-F657-44D0-BB9D-6FDC7CBB2A36}.Debug|x64.Deploy.0 = Debug|x64
		{2BB7CBB0-F657-44D0-BB9D-6FDC7CBB2A36}.Debug|x86.ActiveCfg = Debug|x86
		{2BB7CBB0-F657-44D0-BB9D-6FDC7CBB2A36}.Debug|x86.Build.0 = Debug|x86
		{2BB7CBB0-F657-44D0-BB9D-6FDC7CBB2A36}.Debug|x86.Deploy.0 = Debug|x86
		{2BB7CBB0-F657-44D0-BB9D-6FDC7CBB2A36}.Release|Any CPU.ActiveCfg = Release|x86
		{2BB7CBB0-F657-44D0-BB9D-6FDC7CBB2A36}.Release|ARM.ActiveCfg = Release|ARM
		{2BB7CBB0-F657-44D0-BB9D-6FDC7CBB2A36}.Release|ARM.Build.0 = Release|ARM
		{2BB7CBB0-F657-44D0-BB9D-6FDC7CBB2A36}.Release|ARM.Deploy.0 = Release|ARM
		{2BB7CBB0-F657-44D0-BB9D-6FDC7CBB2A36}.Release|iPhone.ActiveCfg = Release|x86
		{2BB7CBB0-F657-44D0-BB9D-6FDC7CBB2A36}.Release|iPhoneSimulator.ActiveCfg = Release|x86
		{2BB7CBB0-F657-44D0-BB9D-6FDC7CBB2A36}.Release|x64.ActiveCfg = Release|x64
		{2BB7CBB0-F657-44D0-BB9D-6FDC7CBB2A36}.Release|x64.Build.0 = Release|x64
		{2BB7CBB0-F657-44D0-BB9D-6FDC7CBB2A36}.Release|x64.Deploy.0 = Release|x64
		{2BB7CBB0-F657-44D0-BB9D-6FDC7CBB2A36}.Release|x86.ActiveCfg = Release|x86
		{2BB7CBB0-F657-44D0-BB9D-6FDC7CBB2A36}.Release|x86.Build.0 = Release|x86
		{2BB7CBB0-F657-44D0-BB9D-6FDC7CBB2A36}.Release|x86.Deploy.0 = Release|x86
		{21F58D9A-AC65-4EB9-9AF7-05FCFCE9C86D}.Ad-Hoc|Any CPU.ActiveCfg = Ad-Hoc|iPhone
		{21F58D9A-AC65-4EB9-9AF7-05FCFCE9C86D}.Ad-Hoc|ARM.ActiveCfg = Ad-Hoc|iPhone
		{21F58D9A-AC65-4EB9-9AF7-05FCFCE9C86D}.Ad-Hoc|iPhone.ActiveCfg = Ad-Hoc|iPhone
		{21F58D9A-AC65-4EB9-9AF7-05FCFCE9C86D}.Ad-Hoc|iPhone.Build.0 = Ad-Hoc|iPhone
		{21F58D9A-AC65-4EB9-9AF7-05FCFCE9C86D}.Ad-Hoc|iPhoneSimulator.ActiveCfg = Ad-Hoc|iPhoneSimulator
		{21F58D9A-AC65-4EB9-9AF7-05FCFCE9C86D}.Ad-Hoc|iPhoneSimulator.Build.0 = Ad-Hoc|iPhoneSimulator
		{21F58D9A-AC65-4EB9-9AF7-05FCFCE9C86D}.Ad-Hoc|x64.ActiveCfg = Ad-Hoc|iPhone
		{21F58D9A-AC65-4EB9-9AF7-05FCFCE9C86D}.Ad-Hoc|x86.ActiveCfg = Ad-Hoc|iPhone
		{21F58D9A-AC65-4EB9-9AF7-05FCFCE9C86D}.AppStore|Any CPU.ActiveCfg = AppStore|iPhone
		{21F58D9A-AC65-4EB9-9AF7-05FCFCE9C86D}.AppStore|ARM.ActiveCfg = AppStore|iPhone
		{21F58D9A-AC65-4EB9-9AF7-05FCFCE9C86D}.AppStore|iPhone.ActiveCfg = AppStore|iPhone
		{21F58D9A-AC65-4EB9-9AF7-05FCFCE9C86D}.AppStore|iPhone.Build.0 = AppStore|iPhone
		{21F58D9A-AC65-4EB9-9AF7-05FCFCE9C86D}.AppStore|iPhoneSimulator.ActiveCfg = AppStore|iPhoneSimulator
		{21F58D9A-AC65-4EB9-9AF7-05FCFCE9C86D}.AppStore|iPhoneSimulator.Build.0 = AppStore|iPhoneSimulator
		{21F58D9A-AC65-4EB9-9AF7-05FCFCE9C86D}.AppStore|x64.ActiveCfg = AppStore|iPhone
		{21F58D9A-AC65-4EB9-9AF7-05FCFCE9C86D}.AppStore|x86.ActiveCfg = AppStore|iPhone
		{21F58D9A-AC65-4EB9-9AF7-05FCFCE9C86D}.Debug|Any CPU.ActiveCfg = Debug|iPhone
		{21F58D9A-AC65-4EB9-9AF7-05FCFCE9C86D}.Debug|ARM.ActiveCfg = Debug|iPhone
		{21F58D9A-AC65-4EB9-9AF7-05FCFCE9C86D}.Debug|iPhone.ActiveCfg = Debug|iPhone
		{21F58D9A-AC65-4EB9-9AF7-05FCFCE9C86D}.Debug|iPhone.Build.0 = Debug|iPhone
		{21F58D9A-AC65-4EB9-9AF7-05FCFCE9C86D}.Debug|iPhoneSimulator.ActiveCfg = Debug|iPhoneSimulator
		{21F58D9A-AC65-4EB9-9AF7-05FCFCE9C86D}.Debug|iPhoneSimulator.Build.0 = Debug|iPhoneSimulator
		{21F58D9A-AC65-4EB9-9AF7-05FCFCE9C86D}.Debug|x64.ActiveCfg = Debug|iPhone
		{21F58D9A-AC65-4EB9-9AF7-05FCFCE9C86D}.Debug|x86.ActiveCfg = Debug|iPhone
		{21F58D9A-AC65-4EB9-9AF7-05FCFCE9C86D}.Release|Any CPU.ActiveCfg = Release|iPhone
		{21F58D9A-AC65-4EB9-9AF7-05FCFCE9C86D}.Release|ARM.ActiveCfg = Release|iPhone
		{21F58D9A-AC65-4EB9-9AF7-05FCFCE9C86D}.Release|iPhone.ActiveCfg = Release|iPhone
		{21F58D9A-AC65-4EB9-9AF7-05FCFCE9C86D}.Release|iPhone.Build.0 = Release|iPhone
		{21F58D9A-AC65-4EB9-9AF7-05FCFCE9C86D}.Release|iPhoneSimulator.ActiveCfg = Release|iPhoneSimulator
		{21F58D9A-AC65-4EB9-9AF7-05FCFCE9C86D}.Release|iPhoneSimulator.Build.0 = Release|iPhoneSimulator
		{21F58D9A-AC65-4EB9-9AF7-05FCFCE9C86D}.Release|x64.ActiveCfg = Release|iPhone
		{21F58D9A-AC65-4EB9-9AF7-05FCFCE9C86D}.Release|x86.ActiveCfg = Release|iPhone
		{AA48C70D-5217-40F0-9D4E-FFDCEBB10F56}.Ad-Hoc|Any CPU.ActiveCfg = Release|Any CPU
		{AA48C70D-5217-40F0-9D4E-FFDCEBB10F56}.Ad-Hoc|Any CPU.Build.0 = Release|Any CPU
		{AA48C70D-5217-40F0-9D4E-FFDCEBB10F56}.Ad-Hoc|Any CPU.Deploy.0 = Release|Any CPU
		{AA48C70D-5217-40F0-9D4E-FFDCEBB10F56}.Ad-Hoc|ARM.ActiveCfg = Release|Any CPU
		{AA48C70D-5217-40F0-9D4E-FFDCEBB10F56}.Ad-Hoc|ARM.Build.0 = Release|Any CPU
		{AA48C70D-5217-40F0-9D4E-FFDCEBB10F56}.Ad-Hoc|ARM.Deploy.0 = Release|Any CPU
		{AA48C70D-5217-40F0-9D4E-FFDCEBB10F56}.Ad-Hoc|iPhone.ActiveCfg = Release|Any CPU
		{AA48C70D-5217-40F0-9D4E-FFDCEBB10F56}.Ad-Hoc|iPhone.Build.0 = Release|Any CPU
		{AA48C70D-5217-40F0-9D4E-FFDCEBB10F56}.Ad-Hoc|iPhone.Deploy.0 = Release|Any CPU
		{AA48C70D-5217-40F0-9D4E-FFDCEBB10F56}.Ad-Hoc|iPhoneSimulator.ActiveCfg = Release|Any CPU
		{AA48C70D-5217-40F0-9D4E-FFDCEBB10F56}.Ad-Hoc|iPhoneSimulator.Build.0 = Release|Any CPU
		{AA48C70D-5217-40F0-9D4E-FFDCEBB10F56}.Ad-Hoc|iPhoneSimulator.Deploy.0 = Release|Any CPU
		{AA48C70D-5217-40F0-9D4E-FFDCEBB10F56}.Ad-Hoc|x64.ActiveCfg = Release|Any CPU
		{AA48C70D-5217-40F0-9D4E-FFDCEBB10F56}.Ad-Hoc|x64.Build.0 = Release|Any CPU
		{AA48C70D-5217-40F0-9D4E-FFDCEBB10F56}.Ad-Hoc|x64.Deploy.0 = Release|Any CPU
		{AA48C70D-5217-40F0-9D4E-FFDCEBB10F56}.Ad-Hoc|x86.ActiveCfg = Release|Any CPU
		{AA48C70D-5217-40F0-9D4E-FFDCEBB10F56}.Ad-Hoc|x86.Build.0 = Release|Any CPU
		{AA48C70D-5217-40F0-9D4E-FFDCEBB10F56}.Ad-Hoc|x86.Deploy.0 = Release|Any CPU
		{AA48C70D-5217-40F0-9D4E-FFDCEBB10F56}.AppStore|Any CPU.ActiveCfg = Release|Any CPU
		{AA48C70D-5217-40F0-9D4E-FFDCEBB10F56}.AppStore|Any CPU.Build.0 = Release|Any CPU
		{AA48C70D-5217-40F0-9D4E-FFDCEBB10F56}.AppStore|Any CPU.Deploy.0 = Release|Any CPU
		{AA48C70D-5217-40F0-9D4E-FFDCEBB10F56}.AppStore|ARM.ActiveCfg = Release|Any CPU
		{AA48C70D-5217-40F0-9D4E-FFDCEBB10F56}.AppStore|ARM.Build.0 = Release|Any CPU
		{AA48C70D-5217-40F0-9D4E-FFDCEBB10F56}.AppStore|ARM.Deploy.0 = Release|Any CPU
		{AA48C70D-5217-40F0-9D4E-FFDCEBB10F56}.AppStore|iPhone.ActiveCfg = Release|Any CPU
		{AA48C70D-5217-40F0-9D4E-FFDCEBB10F56}.AppStore|iPhone.Build.0 = Release|Any CPU
		{AA48C70D-5217-40F0-9D4E-FFDCEBB10F56}.AppStore|iPhone.Deploy.0 = Release|Any CPU
		{AA48C70D-5217-40F0-9D4E-FFDCEBB10F56}.AppStore|iPhoneSimulator.ActiveCfg = Release|Any CPU
		{AA48C70D-5217-40F0-9D4E-FFDCEBB10F56}.AppStore|iPhoneSimulator.Build.0 = Release|Any CPU
		{AA48C70D-5217-40F0-9D4E-FFDCEBB10F56}.AppStore|iPhoneSimulator.Deploy.0 = Release|Any CPU
		{AA48C70D-5217-40F0-9D4E-FFDCEBB10F56}.AppStore|x64.ActiveCfg = Release|Any CPU
		{AA48C70D-5217-40F0-9D4E-FFDCEBB10F56}.AppStore|x64.Build.0 = Release|Any CPU
		{AA48C70D-5217-40F0-9D4E-FFDCEBB10F56}.AppStore|x64.Deploy.0 = Release|Any CPU
		{AA48C70D-5217-40F0-9D4E-FFDCEBB10F56}.AppStore|x86.ActiveCfg = Release|Any CPU
		{AA48C70D-5217-40F0-9D4E-FFDCEBB10F56}.AppStore|x86.Build.0 = Release|Any CPU
		{AA48C70D-5217-40F0-9D4E-FFDCEBB10F56}.AppStore|x86.Deploy.0 = Release|Any CPU
		{AA48C70D-5217-40F0-9D4E-FFDCEBB10F56}.Debug|Any CPU.ActiveCfg = Debug|Any CPU
		{AA48C70D-5217-40F0-9D4E-FFDCEBB10F56}.Debug|Any CPU.Build.0 = Debug|Any CPU
		{AA48C70D-5217-40F0-9D4E-FFDCEBB10F56}.Debug|Any CPU.Deploy.0 = Debug|Any CPU
		{AA48C70D-5217-40F0-9D4E-FFDCEBB10F56}.Debug|ARM.ActiveCfg = Debug|Any CPU
		{AA48C70D-5217-40F0-9D4E-FFDCEBB10F56}.Debug|ARM.Build.0 = Debug|Any CPU
		{AA48C70D-5217-40F0-9D4E-FFDCEBB10F56}.Debug|ARM.Deploy.0 = Debug|Any CPU
		{AA48C70D-5217-40F0-9D4E-FFDCEBB10F56}.Debug|iPhone.ActiveCfg = Debug|Any CPU
		{AA48C70D-5217-40F0-9D4E-FFDCEBB10F56}.Debug|iPhone.Build.0 = Debug|Any CPU
		{AA48C70D-5217-40F0-9D4E-FFDCEBB10F56}.Debug|iPhone.Deploy.0 = Debug|Any CPU
		{AA48C70D-5217-40F0-9D4E-FFDCEBB10F56}.Debug|iPhoneSimulator.ActiveCfg = Debug|Any CPU
		{AA48C70D-5217-40F0-9D4E-FFDCEBB10F56}.Debug|iPhoneSimulator.Build.0 = Debug|Any CPU
		{AA48C70D-5217-40F0-9D4E-FFDCEBB10F56}.Debug|iPhoneSimulator.Deploy.0 = Debug|Any CPU
		{AA48C70D-5217-40F0-9D4E-FFDCEBB10F56}.Debug|x64.ActiveCfg = Debug|Any CPU
		{AA48C70D-5217-40F0-9D4E-FFDCEBB10F56}.Debug|x64.Build.0 = Debug|Any CPU
		{AA48C70D-5217-40F0-9D4E-FFDCEBB10F56}.Debug|x64.Deploy.0 = Debug|Any CPU
		{AA48C70D-5217-40F0-9D4E-FFDCEBB10F56}.Debug|x86.ActiveCfg = Debug|Any CPU
		{AA48C70D-5217-40F0-9D4E-FFDCEBB10F56}.Debug|x86.Build.0 = Debug|Any CPU
		{AA48C70D-5217-40F0-9D4E-FFDCEBB10F56}.Debug|x86.Deploy.0 = Debug|Any CPU
		{AA48C70D-5217-40F0-9D4E-FFDCEBB10F56}.Release|Any CPU.ActiveCfg = Release|Any CPU
		{AA48C70D-5217-40F0-9D4E-FFDCEBB10F56}.Release|Any CPU.Build.0 = Release|Any CPU
		{AA48C70D-5217-40F0-9D4E-FFDCEBB10F56}.Release|Any CPU.Deploy.0 = Release|Any CPU
		{AA48C70D-5217-40F0-9D4E-FFDCEBB10F56}.Release|ARM.ActiveCfg = Release|Any CPU
		{AA48C70D-5217-40F0-9D4E-FFDCEBB10F56}.Release|ARM.Build.0 = Release|Any CPU
		{AA48C70D-5217-40F0-9D4E-FFDCEBB10F56}.Release|ARM.Deploy.0 = Release|Any CPU
		{AA48C70D-5217-40F0-9D4E-FFDCEBB10F56}.Release|iPhone.ActiveCfg = Release|Any CPU
		{AA48C70D-5217-40F0-9D4E-FFDCEBB10F56}.Release|iPhone.Build.0 = Release|Any CPU
		{AA48C70D-5217-40F0-9D4E-FFDCEBB10F56}.Release|iPhone.Deploy.0 = Release|Any CPU
		{AA48C70D-5217-40F0-9D4E-FFDCEBB10F56}.Release|iPhoneSimulator.ActiveCfg = Release|Any CPU
		{AA48C70D-5217-40F0-9D4E-FFDCEBB10F56}.Release|iPhoneSimulator.Build.0 = Release|Any CPU
		{AA48C70D-5217-40F0-9D4E-FFDCEBB10F56}.Release|iPhoneSimulator.Deploy.0 = Release|Any CPU
		{AA48C70D-5217-40F0-9D4E-FFDCEBB10F56}.Release|x64.ActiveCfg = Release|Any CPU
		{AA48C70D-5217-40F0-9D4E-FFDCEBB10F56}.Release|x64.Build.0 = Release|Any CPU
		{AA48C70D-5217-40F0-9D4E-FFDCEBB10F56}.Release|x64.Deploy.0 = Release|Any CPU
		{AA48C70D-5217-40F0-9D4E-FFDCEBB10F56}.Release|x86.ActiveCfg = Release|Any CPU
		{AA48C70D-5217-40F0-9D4E-FFDCEBB10F56}.Release|x86.Build.0 = Release|Any CPU
		{AA48C70D-5217-40F0-9D4E-FFDCEBB10F56}.Release|x86.Deploy.0 = Release|Any CPU
	EndGlobalSection
	GlobalSection(SolutionProperties) = preSolution
		HideSolutionNode = FALSE
	EndGlobalSection
EndGlobal
